
Microsoft Visual Studio Solution File, Format Version 12.00
# Visual Studio Version 16
VisualStudioVersion = 16.0.32802.440
MinimumVisualStudioVersion = 10.0.40219.1
Project("{FAE04EC0-301F-11D3-BF4B-00C04F79EFBC}") = "换肤", "换肤.csproj", "{0F598D21-696F-441D-BA01-31F36E70580B}"
EndProject
Global
	GlobalSection(SolutionConfigurationPlatforms) = preSolution
		Debug|Any CPU = Debug|Any CPU
		Release|Any CPU = Release|Any CPU
	EndGlobalSection
	GlobalSection(ProjectConfigurationPlatforms) = postSolution
		{0F598D21-696F-441D-BA01-31F36E70580B}.Debug|Any CPU.ActiveCfg = Debug|Any CPU
		{0F598D21-696F-441D-BA01-31F36E70580B}.Debug|Any CPU.Build.0 = Debug|Any CPU
		{0F598D21-696F-441D-BA01-31F36E70580B}.Release|Any CPU.ActiveCfg = Release|Any CPU
		{0F598D21-696F-441D-BA01-31F36E70580B}.Release|Any CPU.Build.0 = Release|Any CPU
	EndGlobalSection
	GlobalSection(SolutionProperties) = preSolution
		HideSolutionNode = FALSE
	EndGlobalSection
	GlobalSection(ExtensibilityGlobals) = postSolution
		SolutionGuid = {AB34CA64-062F-461A-9A5C-89C08E27A26A}
	EndGlobalSection
EndGlobal
